
Microsoft Visual Studio Solution File, Format Version 12.00
# Visual Studio 14
VisualStudioVersion = 14.0.25420.1
MinimumVisualStudioVersion = 10.0.40219.1
Project("{FAE04EC0-301F-11D3-BF4B-00C04F79EFBC}") = "TimerApp.Android", "TimerApp\TimerApp.Android\TimerApp.Android.csproj", "{A066939D-B497-4E9D-B1E2-73DAEEF51F83}"
EndProject
Project("{FAE04EC0-301F-11D3-BF4B-00C04F79EFBC}") = "TimerApp", "TimerApp\TimerApp\TimerApp.csproj", "{20E86458-2616-46C6-8B37-D28B34C21C4B}"
EndProject
Project("{FAE04EC0-301F-11D3-BF4B-00C04F79EFBC}") = "TimerApp.iOS", "TimerApp\TimerApp.iOS\TimerApp.iOS.csproj", "{0339EECA-E674-49FC-BD39-75661CB07352}"
EndProject
Global
	GlobalSection(SolutionConfigurationPlatforms) = preSolution
		Ad-Hoc|Any CPU = Ad-Hoc|Any CPU
		Ad-Hoc|iPhone = Ad-Hoc|iPhone
		Ad-Hoc|iPhoneSimulator = Ad-Hoc|iPhoneSimulator
		AppStore|Any CPU = AppStore|Any CPU
		AppStore|iPhone = AppStore|iPhone
		AppStore|iPhoneSimulator = AppStore|iPhoneSimulator
		Debug|Any CPU = Debug|Any CPU
		Debug|iPhone = Debug|iPhone
		Debug|iPhoneSimulator = Debug|iPhoneSimulator
		Release|Any CPU = Release|Any CPU
		Release|iPhone = Release|iPhone
		Release|iPhoneSimulator = Release|iPhoneSimulator
	EndGlobalSection
	GlobalSection(ProjectConfigurationPlatforms) = postSolution
		{A066939D-B497-4E9D-B1E2-73DAEEF51F83}.Ad-Hoc|Any CPU.ActiveCfg = Release|Any CPU
		{A066939D-B497-4E9D-B1E2-73DAEEF51F83}.Ad-Hoc|Any CPU.Build.0 = Release|Any CPU
		{A066939D-B497-4E9D-B1E2-73DAEEF51F83}.Ad-Hoc|Any CPU.Deploy.0 = Release|Any CPU
		{A066939D-B497-4E9D-B1E2-73DAEEF51F83}.Ad-Hoc|iPhone.ActiveCfg = Release|Any CPU
		{A066939D-B497-4E9D-B1E2-73DAEEF51F83}.Ad-Hoc|iPhone.Build.0 = Release|Any CPU
		{A066939D-B497-4E9D-B1E2-73DAEEF51F83}.Ad-Hoc|iPhone.Deploy.0 = Release|Any CPU
		{A066939D-B497-4E9D-B1E2-73DAEEF51F83}.Ad-Hoc|iPhoneSimulator.ActiveCfg = Release|Any CPU
		{A066939D-B497-4E9D-B1E2-73DAEEF51F83}.Ad-Hoc|iPhoneSimulator.Build.0 = Release|Any CPU
		{A066939D-B497-4E9D-B1E2-73DAEEF51F83}.Ad-Hoc|iPhoneSimulator.Deploy.0 = Release|Any CPU
		{A066939D-B497-4E9D-B1E2-73DAEEF51F83}.AppStore|Any CPU.ActiveCfg = Release|Any CPU
		{A066939D-B497-4E9D-B1E2-73DAEEF51F83}.AppStore|Any CPU.Build.0 = Release|Any CPU
		{A066939D-B497-4E9D-B1E2-73DAEEF51F83}.AppStore|Any CPU.Deploy.0 = Release|Any CPU
		{A066939D-B497-4E9D-B1E2-73DAEEF51F83}.AppStore|iPhone.ActiveCfg = Release|Any CPU
		{A066939D-B497-4E9D-B1E2-73DAEEF51F83}.AppStore|iPhone.Build.0 = Release|Any CPU
		{A066939D-B497-4E9D-B1E2-73DAEEF51F83}.AppStore|iPhone.Deploy.0 = Release|Any CPU
		{A066939D-B497-4E9D-B1E2-73DAEEF51F83}.AppStore|iPhoneSimulator.ActiveCfg = Release|Any CPU
		{A066939D-B497-4E9D-B1E2-73DAEEF51F83}.AppStore|iPhoneSimulator.Build.0 = Release|Any CPU
		{A066939D-B497-4E9D-B1E2-73DAEEF51F83}.AppStore|iPhoneSimulator.Deploy.0 = Release|Any CPU
		{A066939D-B497-4E9D-B1E2-73DAEEF51F83}.Debug|Any CPU.ActiveCfg = Debug|Any CPU
		{A066939D-B497-4E9D-B1E2-73DAEEF51F83}.Debug|Any CPU.Build.0 = Debug|Any CPU
		{A066939D-B497-4E9D-B1E2-73DAEEF51F83}.Debug|Any CPU.Deploy.0 = Debug|Any CPU
		{A066939D-B497-4E9D-B1E2-73DAEEF51F83}.Debug|iPhone.ActiveCfg = Debug|Any CPU
		{A066939D-B497-4E9D-B1E2-73DAEEF51F83}.Debug|iPhone.Build.0 = Debug|Any CPU
		{A066939D-B497-4E9D-B1E2-73DAEEF51F83}.Debug|iPhone.Deploy.0 = Debug|Any CPU
		{A066939D-B497-4E9D-B1E2-73DAEEF51F83}.Debug|iPhoneSimulator.ActiveCfg = Debug|Any CPU
		{A066939D-B497-4E9D-B1E2-73DAEEF51F83}.Debug|iPhoneSimulator.Build.0 = Debug|Any CPU
		{A066939D-B497-4E9D-B1E2-73DAEEF51F83}.Debug|iPhoneSimulator.Deploy.0 = Debug|Any CPU
		{A066939D-B497-4E9D-B1E2-73DAEEF51F83}.Release|Any CPU.ActiveCfg = Release|Any CPU
		{A066939D-B497-4E9D-B1E2-73DAEEF51F83}.Release|Any CPU.Build.0 = Release|Any CPU
		{A066939D-B497-4E9D-B1E2-73DAEEF51F83}.Release|Any CPU.Deploy.0 = Release|Any CPU
		{A066939D-B497-4E9D-B1E2-73DAEEF51F83}.Release|iPhone.ActiveCfg = Release|Any CPU
		{A066939D-B497-4E9D-B1E2-73DAEEF51F83}.Release|iPhone.Build.0 = Release|Any CPU
		{A066939D-B497-4E9D-B1E2-73DAEEF51F83}.Release|iPhone.Deploy.0 = Release|Any CPU
		{A066939D-B497-4E9D-B1E2-73DAEEF51F83}.Release|iPhoneSimulator.ActiveCfg = Release|Any CPU
		{A066939D-B497-4E9D-B1E2-73DAEEF51F83}.Release|iPhoneSimulator.Build.0 = Release|Any CPU
		{A066939D-B497-4E9D-B1E2-73DAEEF51F83}.Release|iPhoneSimulator.Deploy.0 = Release|Any CPU
		{20E86458-2616-46C6-8B37-D28B34C21C4B}.Ad-Hoc|Any CPU.ActiveCfg = Release|Any CPU
		{20E86458-2616-46C6-8B37-D28B34C21C4B}.Ad-Hoc|Any CPU.Build.0 = Release|Any CPU
		{20E86458-2616-46C6-8B37-D28B34C21C4B}.Ad-Hoc|iPhone.ActiveCfg = Release|Any CPU
		{20E86458-2616-46C6-8B37-D28B34C21C4B}.Ad-Hoc|iPhone.Build.0 = Release|Any CPU
		{20E86458-2616-46C6-8B37-D28B34C21C4B}.Ad-Hoc|iPhoneSimulator.ActiveCfg = Release|Any CPU
		{20E86458-2616-46C6-8B37-D28B34C21C4B}.Ad-Hoc|iPhoneSimulator.Build.0 = Release|Any CPU
		{20E86458-2616-46C6-8B37-D28B34C21C4B}.AppStore|Any CPU.ActiveCfg = Release|Any CPU
		{20E86458-2616-46C6-8B37-D28B34C21C4B}.AppStore|Any CPU.Build.0 = Release|Any CPU
		{20E86458-2616-46C6-8B37-D28B34C21C4B}.AppStore|iPhone.ActiveCfg = Release|Any CPU
		{20E86458-2616-46C6-8B37-D28B34C21C4B}.AppStore|iPhone.Build.0 = Release|Any CPU
		{20E86458-2616-46C6-8B37-D28B34C21C4B}.AppStore|iPhoneSimulator.ActiveCfg = Release|Any CPU
		{20E86458-2616-46C6-8B37-D28B34C21C4B}.AppStore|iPhoneSimulator.Build.0 = Release|Any CPU
		{20E86458-2616-46C6-8B37-D28B34C21C4B}.Debug|Any CPU.ActiveCfg = Debug|Any CPU
		{20E86458-2616-46C6-8B37-D28B34C21C4B}.Debug|Any CPU.Build.0 = Debug|Any CPU
		{20E86458-2616-46C6-8B37-D28B34C21C4B}.Debug|iPhone.ActiveCfg = Debug|Any CPU
		{20E86458-2616-46C6-8B37-D28B34C21C4B}.Debug|iPhone.Build.0 = Debug|Any CPU
		{20E86458-2616-46C6-8B37-D28B34C21C4B}.Debug|iPhoneSimulator.ActiveCfg = Debug|Any CPU
		{20E86458-2616-46C6-8B37-D28B34C21C4B}.Debug|iPhoneSimulator.Build.0 = Debug|Any CPU
		{20E86458-2616-46C6-8B37-D28B34C21C4B}.Release|Any CPU.ActiveCfg = Release|Any CPU
		{20E86458-2616-46C6-8B37-D28B34C21C4B}.Release|Any CPU.Build.0 = Release|Any CPU
		{20E86458-2616-46C6-8B37-D28B34C21C4B}.Release|iPhone.ActiveCfg = Release|Any CPU
		{20E86458-2616-46C6-8B37-D28B34C21C4B}.Release|iPhone.Build.0 = Release|Any CPU
		{20E86458-2616-46C6-8B37-D28B34C21C4B}.Release|iPhoneSimulator.ActiveCfg = Release|Any CPU
		{20E86458-2616-46C6-8B37-D28B34C21C4B}.Release|iPhoneSimulator.Build.0 = Release|Any CPU
		{0339EECA-E674-49FC-BD39-75661CB07352}.Ad-Hoc|Any CPU.ActiveCfg = Ad-Hoc|iPhone
		{0339EECA-E674-49FC-BD39-75661CB07352}.Ad-Hoc|iPhone.ActiveCfg = Ad-Hoc|iPhone
		{0339EECA-E674-49FC-BD39-75661CB07352}.Ad-Hoc|iPhone.Build.0 = Ad-Hoc|iPhone
		{0339EECA-E674-49FC-BD39-75661CB07352}.Ad-Hoc|iPhoneSimulator.ActiveCfg = Ad-Hoc|iPhoneSimulator
		{0339EECA-E674-49FC-BD39-75661CB07352}.Ad-Hoc|iPhoneSimulator.Build.0 = Ad-Hoc|iPhoneSimulator
		{0339EECA-E674-49FC-BD39-75661CB07352}.AppStore|Any CPU.ActiveCfg = AppStore|iPhone
		{0339EECA-E674-49FC-BD39-75661CB07352}.AppStore|iPhone.ActiveCfg = AppStore|iPhone
		{0339EECA-E674-49FC-BD39-75661CB07352}.AppStore|iPhone.Build.0 = AppStore|iPhone
		{0339EECA-E674-49FC-BD39-75661CB07352}.AppStore|iPhoneSimulator.ActiveCfg = AppStore|iPhoneSimulator
		{0339EECA-E674-49FC-BD39-75661CB07352}.AppStore|iPhoneSimulator.Build.0 = AppStore|iPhoneSimulator
		{0339EECA-E674-49FC-BD39-75661CB07352}.Debug|Any CPU.ActiveCfg = Debug|iPhone
		{0339EECA-E674-49FC-BD39-75661CB07352}.Debug|iPhone.ActiveCfg = Debug|iPhone
		{0339EECA-E674-49FC-BD39-75661CB07352}.Debug|iPhone.Build.0 = Debug|iPhone
		{0339EECA-E674-49FC-BD39-75661CB07352}.Debug|iPhoneSimulator.ActiveCfg = Debug|iPhoneSimulator
		{0339EECA-E674-49FC-BD39-75661CB07352}.Debug|iPhoneSimulator.Build.0 = Debug|iPhoneSimulator
		{0339EECA-E674-49FC-BD39-75661CB07352}.Release|Any CPU.ActiveCfg = Release|iPhone
		{0339EECA-E674-49FC-BD39-75661CB07352}.Release|iPhone.ActiveCfg = Release|iPhone
		{0339EECA-E674-49FC-BD39-75661CB07352}.Release|iPhone.Build.0 = Release|iPhone
		{0339EECA-E674-49FC-BD39-75661CB07352}.Release|iPhoneSimulator.ActiveCfg = Release|iPhoneSimulator
		{0339EECA-E674-49FC-BD39-75661CB07352}.Release|iPhoneSimulator.Build.0 = Release|iPhoneSimulator
	EndGlobalSection
	GlobalSection(SolutionProperties) = preSolution
		HideSolutionNode = FALSE
	EndGlobalSection
EndGlobal
