
Microsoft Visual Studio Solution File, Format Version 12.00
# Visual Studio 14
VisualStudioVersion = 14.0.25420.1
MinimumVisualStudioVersion = 10.0.40219.1
Project("{FAE04EC0-301F-11D3-BF4B-00C04F79EFBC}") = "ShowViewValuesDataBinding.Android", "ShowViewValuesDataBinding\ShowViewValuesDataBinding.Android\ShowViewValuesDataBinding.Android.csproj", "{078CEB56-E670-42A3-A7F7-C143D702BD41}"
EndProject
Project("{FAE04EC0-301F-11D3-BF4B-00C04F79EFBC}") = "ShowViewValuesDataBinding", "ShowViewValuesDataBinding\ShowViewValuesDataBinding\ShowViewValuesDataBinding.csproj", "{28225521-FA7F-4873-B7AD-C75B199696DA}"
EndProject
Project("{FAE04EC0-301F-11D3-BF4B-00C04F79EFBC}") = "ShowViewValuesDataBinding.iOS", "ShowViewValuesDataBinding\ShowViewValuesDataBinding.iOS\ShowViewValuesDataBinding.iOS.csproj", "{CEFA1E05-20B7-4630-8B7C-6F9E2EE896EE}"
EndProject
Global
	GlobalSection(SolutionConfigurationPlatforms) = preSolution
		Ad-Hoc|Any CPU = Ad-Hoc|Any CPU
		Ad-Hoc|iPhone = Ad-Hoc|iPhone
		Ad-Hoc|iPhoneSimulator = Ad-Hoc|iPhoneSimulator
		AppStore|Any CPU = AppStore|Any CPU
		AppStore|iPhone = AppStore|iPhone
		AppStore|iPhoneSimulator = AppStore|iPhoneSimulator
		Debug|Any CPU = Debug|Any CPU
		Debug|iPhone = Debug|iPhone
		Debug|iPhoneSimulator = Debug|iPhoneSimulator
		Release|Any CPU = Release|Any CPU
		Release|iPhone = Release|iPhone
		Release|iPhoneSimulator = Release|iPhoneSimulator
	EndGlobalSection
	GlobalSection(ProjectConfigurationPlatforms) = postSolution
		{078CEB56-E670-42A3-A7F7-C143D702BD41}.Ad-Hoc|Any CPU.ActiveCfg = Release|Any CPU
		{078CEB56-E670-42A3-A7F7-C143D702BD41}.Ad-Hoc|Any CPU.Build.0 = Release|Any CPU
		{078CEB56-E670-42A3-A7F7-C143D702BD41}.Ad-Hoc|Any CPU.Deploy.0 = Release|Any CPU
		{078CEB56-E670-42A3-A7F7-C143D702BD41}.Ad-Hoc|iPhone.ActiveCfg = Release|Any CPU
		{078CEB56-E670-42A3-A7F7-C143D702BD41}.Ad-Hoc|iPhone.Build.0 = Release|Any CPU
		{078CEB56-E670-42A3-A7F7-C143D702BD41}.Ad-Hoc|iPhone.Deploy.0 = Release|Any CPU
		{078CEB56-E670-42A3-A7F7-C143D702BD41}.Ad-Hoc|iPhoneSimulator.ActiveCfg = Release|Any CPU
		{078CEB56-E670-42A3-A7F7-C143D702BD41}.Ad-Hoc|iPhoneSimulator.Build.0 = Release|Any CPU
		{078CEB56-E670-42A3-A7F7-C143D702BD41}.Ad-Hoc|iPhoneSimulator.Deploy.0 = Release|Any CPU
		{078CEB56-E670-42A3-A7F7-C143D702BD41}.AppStore|Any CPU.ActiveCfg = Release|Any CPU
		{078CEB56-E670-42A3-A7F7-C143D702BD41}.AppStore|Any CPU.Build.0 = Release|Any CPU
		{078CEB56-E670-42A3-A7F7-C143D702BD41}.AppStore|Any CPU.Deploy.0 = Release|Any CPU
		{078CEB56-E670-42A3-A7F7-C143D702BD41}.AppStore|iPhone.ActiveCfg = Release|Any CPU
		{078CEB56-E670-42A3-A7F7-C143D702BD41}.AppStore|iPhone.Build.0 = Release|Any CPU
		{078CEB56-E670-42A3-A7F7-C143D702BD41}.AppStore|iPhone.Deploy.0 = Release|Any CPU
		{078CEB56-E670-42A3-A7F7-C143D702BD41}.AppStore|iPhoneSimulator.ActiveCfg = Release|Any CPU
		{078CEB56-E670-42A3-A7F7-C143D702BD41}.AppStore|iPhoneSimulator.Build.0 = Release|Any CPU
		{078CEB56-E670-42A3-A7F7-C143D702BD41}.AppStore|iPhoneSimulator.Deploy.0 = Release|Any CPU
		{078CEB56-E670-42A3-A7F7-C143D702BD41}.Debug|Any CPU.ActiveCfg = Debug|Any CPU
		{078CEB56-E670-42A3-A7F7-C143D702BD41}.Debug|Any CPU.Build.0 = Debug|Any CPU
		{078CEB56-E670-42A3-A7F7-C143D702BD41}.Debug|Any CPU.Deploy.0 = Debug|Any CPU
		{078CEB56-E670-42A3-A7F7-C143D702BD41}.Debug|iPhone.ActiveCfg = Debug|Any CPU
		{078CEB56-E670-42A3-A7F7-C143D702BD41}.Debug|iPhone.Build.0 = Debug|Any CPU
		{078CEB56-E670-42A3-A7F7-C143D702BD41}.Debug|iPhone.Deploy.0 = Debug|Any CPU
		{078CEB56-E670-42A3-A7F7-C143D702BD41}.Debug|iPhoneSimulator.ActiveCfg = Debug|Any CPU
		{078CEB56-E670-42A3-A7F7-C143D702BD41}.Debug|iPhoneSimulator.Build.0 = Debug|Any CPU
		{078CEB56-E670-42A3-A7F7-C143D702BD41}.Debug|iPhoneSimulator.Deploy.0 = Debug|Any CPU
		{078CEB56-E670-42A3-A7F7-C143D702BD41}.Release|Any CPU.ActiveCfg = Release|Any CPU
		{078CEB56-E670-42A3-A7F7-C143D702BD41}.Release|Any CPU.Build.0 = Release|Any CPU
		{078CEB56-E670-42A3-A7F7-C143D702BD41}.Release|Any CPU.Deploy.0 = Release|Any CPU
		{078CEB56-E670-42A3-A7F7-C143D702BD41}.Release|iPhone.ActiveCfg = Release|Any CPU
		{078CEB56-E670-42A3-A7F7-C143D702BD41}.Release|iPhone.Build.0 = Release|Any CPU
		{078CEB56-E670-42A3-A7F7-C143D702BD41}.Release|iPhone.Deploy.0 = Release|Any CPU
		{078CEB56-E670-42A3-A7F7-C143D702BD41}.Release|iPhoneSimulator.ActiveCfg = Release|Any CPU
		{078CEB56-E670-42A3-A7F7-C143D702BD41}.Release|iPhoneSimulator.Build.0 = Release|Any CPU
		{078CEB56-E670-42A3-A7F7-C143D702BD41}.Release|iPhoneSimulator.Deploy.0 = Release|Any CPU
		{28225521-FA7F-4873-B7AD-C75B199696DA}.Ad-Hoc|Any CPU.ActiveCfg = Release|Any CPU
		{28225521-FA7F-4873-B7AD-C75B199696DA}.Ad-Hoc|Any CPU.Build.0 = Release|Any CPU
		{28225521-FA7F-4873-B7AD-C75B199696DA}.Ad-Hoc|iPhone.ActiveCfg = Release|Any CPU
		{28225521-FA7F-4873-B7AD-C75B199696DA}.Ad-Hoc|iPhone.Build.0 = Release|Any CPU
		{28225521-FA7F-4873-B7AD-C75B199696DA}.Ad-Hoc|iPhoneSimulator.ActiveCfg = Release|Any CPU
		{28225521-FA7F-4873-B7AD-C75B199696DA}.Ad-Hoc|iPhoneSimulator.Build.0 = Release|Any CPU
		{28225521-FA7F-4873-B7AD-C75B199696DA}.AppStore|Any CPU.ActiveCfg = Release|Any CPU
		{28225521-FA7F-4873-B7AD-C75B199696DA}.AppStore|Any CPU.Build.0 = Release|Any CPU
		{28225521-FA7F-4873-B7AD-C75B199696DA}.AppStore|iPhone.ActiveCfg = Release|Any CPU
		{28225521-FA7F-4873-B7AD-C75B199696DA}.AppStore|iPhone.Build.0 = Release|Any CPU
		{28225521-FA7F-4873-B7AD-C75B199696DA}.AppStore|iPhoneSimulator.ActiveCfg = Release|Any CPU
		{28225521-FA7F-4873-B7AD-C75B199696DA}.AppStore|iPhoneSimulator.Build.0 = Release|Any CPU
		{28225521-FA7F-4873-B7AD-C75B199696DA}.Debug|Any CPU.ActiveCfg = Debug|Any CPU
		{28225521-FA7F-4873-B7AD-C75B199696DA}.Debug|Any CPU.Build.0 = Debug|Any CPU
		{28225521-FA7F-4873-B7AD-C75B199696DA}.Debug|iPhone.ActiveCfg = Debug|Any CPU
		{28225521-FA7F-4873-B7AD-C75B199696DA}.Debug|iPhone.Build.0 = Debug|Any CPU
		{28225521-FA7F-4873-B7AD-C75B199696DA}.Debug|iPhoneSimulator.ActiveCfg = Debug|Any CPU
		{28225521-FA7F-4873-B7AD-C75B199696DA}.Debug|iPhoneSimulator.Build.0 = Debug|Any CPU
		{28225521-FA7F-4873-B7AD-C75B199696DA}.Release|Any CPU.ActiveCfg = Release|Any CPU
		{28225521-FA7F-4873-B7AD-C75B199696DA}.Release|Any CPU.Build.0 = Release|Any CPU
		{28225521-FA7F-4873-B7AD-C75B199696DA}.Release|iPhone.ActiveCfg = Release|Any CPU
		{28225521-FA7F-4873-B7AD-C75B199696DA}.Release|iPhone.Build.0 = Release|Any CPU
		{28225521-FA7F-4873-B7AD-C75B199696DA}.Release|iPhoneSimulator.ActiveCfg = Release|Any CPU
		{28225521-FA7F-4873-B7AD-C75B199696DA}.Release|iPhoneSimulator.Build.0 = Release|Any CPU
		{CEFA1E05-20B7-4630-8B7C-6F9E2EE896EE}.Ad-Hoc|Any CPU.ActiveCfg = Ad-Hoc|iPhone
		{CEFA1E05-20B7-4630-8B7C-6F9E2EE896EE}.Ad-Hoc|iPhone.ActiveCfg = Ad-Hoc|iPhone
		{CEFA1E05-20B7-4630-8B7C-6F9E2EE896EE}.Ad-Hoc|iPhone.Build.0 = Ad-Hoc|iPhone
		{CEFA1E05-20B7-4630-8B7C-6F9E2EE896EE}.Ad-Hoc|iPhoneSimulator.ActiveCfg = Ad-Hoc|iPhoneSimulator
		{CEFA1E05-20B7-4630-8B7C-6F9E2EE896EE}.Ad-Hoc|iPhoneSimulator.Build.0 = Ad-Hoc|iPhoneSimulator
		{CEFA1E05-20B7-4630-8B7C-6F9E2EE896EE}.AppStore|Any CPU.ActiveCfg = AppStore|iPhone
		{CEFA1E05-20B7-4630-8B7C-6F9E2EE896EE}.AppStore|iPhone.ActiveCfg = AppStore|iPhone
		{CEFA1E05-20B7-4630-8B7C-6F9E2EE896EE}.AppStore|iPhone.Build.0 = AppStore|iPhone
		{CEFA1E05-20B7-4630-8B7C-6F9E2EE896EE}.AppStore|iPhoneSimulator.ActiveCfg = AppStore|iPhoneSimulator
		{CEFA1E05-20B7-4630-8B7C-6F9E2EE896EE}.AppStore|iPhoneSimulator.Build.0 = AppStore|iPhoneSimulator
		{CEFA1E05-20B7-4630-8B7C-6F9E2EE896EE}.Debug|Any CPU.ActiveCfg = Debug|iPhone
		{CEFA1E05-20B7-4630-8B7C-6F9E2EE896EE}.Debug|iPhone.ActiveCfg = Debug|iPhone
		{CEFA1E05-20B7-4630-8B7C-6F9E2EE896EE}.Debug|iPhone.Build.0 = Debug|iPhone
		{CEFA1E05-20B7-4630-8B7C-6F9E2EE896EE}.Debug|iPhoneSimulator.ActiveCfg = Debug|iPhoneSimulator
		{CEFA1E05-20B7-4630-8B7C-6F9E2EE896EE}.Debug|iPhoneSimulator.Build.0 = Debug|iPhoneSimulator
		{CEFA1E05-20B7-4630-8B7C-6F9E2EE896EE}.Release|Any CPU.ActiveCfg = Release|iPhone
		{CEFA1E05-20B7-4630-8B7C-6F9E2EE896EE}.Release|iPhone.ActiveCfg = Release|iPhone
		{CEFA1E05-20B7-4630-8B7C-6F9E2EE896EE}.Release|iPhone.Build.0 = Release|iPhone
		{CEFA1E05-20B7-4630-8B7C-6F9E2EE896EE}.Release|iPhoneSimulator.ActiveCfg = Release|iPhoneSimulator
		{CEFA1E05-20B7-4630-8B7C-6F9E2EE896EE}.Release|iPhoneSimulator.Build.0 = Release|iPhoneSimulator
	EndGlobalSection
	GlobalSection(SolutionProperties) = preSolution
		HideSolutionNode = FALSE
	EndGlobalSection
EndGlobal
